Microsoft Visual Studio Solution File, Format Version 12.00
# Visual Studio Version 17
VisualStudioVersion = 17.1.32421.90
MinimumVisualStudioVersion = 10.0.40219.1
Project("{9A19103F-16F7-4668-BE54-9A1E7A4F7556}") = "CMS_NetCore.Web", "CMS_NetCore.Web\CMS_NetCore.Web.csproj", "{0B07BBF9-9AFA-4B32-927A-E8ACF2472170}"
EndProject
Project("{9A19103F-16F7-4668-BE54-9A1E7A4F7556}") = "CMS_NetCore.DataLayer", "CMS_NetCore.DataLayer\CMS_NetCore.DataLayer.csproj", "{0E4B5A52-FDA7-4A76-A83E-B4C3A27BB39C}"
EndProject
Project("{9A19103F-16F7-4668-BE54-9A1E7A4F7556}") = "CMS_NetCore.DomainClasses", "CMS_NetCore.DomainClasses\CMS_NetCore.DomainClasses.csproj", "{8BFFE88B-F78D-465E-A375-F905EFA9A3CD}"
EndProject
Project("{9A19103F-16F7-4668-BE54-9A1E7A4F7556}") = "CMS_NetCore.ServiceLayer", "CMS_NetCore.ServiceLayer\CMS_NetCore.ServiceLayer.csproj", "{FE055E3A-4499-4397-86EF-75FF280EB726}"
EndProject
Project("{9A19103F-16F7-4668-BE54-9A1E7A4F7556}") = "CMS_NetCore.ViewModels", "CMS_NetCore.ViewModels\CMS_NetCore.ViewModels.csproj", "{DE7A9376-D75C-41E0-8F0B-A27B87D899FC}"
EndProject
Project("{9A19103F-16F7-4668-BE54-9A1E7A4F7556}") = "CMS_NetCore.Interfaces", "CMS_NetCore.Interfaces\CMS_NetCore.Interfaces.csproj", "{1C850ADE-A286-4A7E-8B01-DF90BDB6A956}"
EndProject
Project("{FAE04EC0-301F-11D3-BF4B-00C04F79EFBC}") = "CMS_NetCore.Helpers", "CMS_NetCore.Helpers\CMS_NetCore.Helpers.csproj", "{43C84475-030F-40E1-B5CA-D7E6A4100594}"
EndProject
Global
	GlobalSection(SolutionConfigurationPlatforms) = preSolution
		Debug|Any CPU = Debug|Any CPU
		Release|Any CPU = Release|Any CPU
	EndGlobalSection
	GlobalSection(ProjectConfigurationPlatforms) = postSolution
		{0B07BBF9-9AFA-4B32-927A-E8ACF2472170}.Debug|Any CPU.ActiveCfg = Debug|Any CPU
		{0B07BBF9-9AFA-4B32-927A-E8ACF2472170}.Debug|Any CPU.Build.0 = Debug|Any CPU
		{0B07BBF9-9AFA-4B32-927A-E8ACF2472170}.Release|Any CPU.ActiveCfg = Release|Any CPU
		{0B07BBF9-9AFA-4B32-927A-E8ACF2472170}.Release|Any CPU.Build.0 = Release|Any CPU
		{0E4B5A52-FDA7-4A76-A83E-B4C3A27BB39C}.Debug|Any CPU.ActiveCfg = Debug|Any CPU
		{0E4B5A52-FDA7-4A76-A83E-B4C3A27BB39C}.Debug|Any CPU.Build.0 = Debug|Any CPU
		{0E4B5A52-FDA7-4A76-A83E-B4C3A27BB39C}.Release|Any CPU.ActiveCfg = Release|Any CPU
		{0E4B5A52-FDA7-4A76-A83E-B4C3A27BB39C}.Release|Any CPU.Build.0 = Release|Any CPU
		{8BFFE88B-F78D-465E-A375-F905EFA9A3CD}.Debug|Any CPU.ActiveCfg = Debug|Any CPU
		{8BFFE88B-F78D-465E-A375-F905EFA9A3CD}.Debug|Any CPU.Build.0 = Debug|Any CPU
		{8BFFE88B-F78D-465E-A375-F905EFA9A3CD}.Release|Any CPU.ActiveCfg = Release|Any CPU
		{8BFFE88B-F78D-465E-A375-F905EFA9A3CD}.Release|Any CPU.Build.0 = Release|Any CPU
		{FE055E3A-4499-4397-86EF-75FF280EB726}.Debug|Any CPU.ActiveCfg = Debug|Any CPU
		{FE055E3A-4499-4397-86EF-75FF280EB726}.Debug|Any CPU.Build.0 = Debug|Any CPU
		{FE055E3A-4499-4397-86EF-75FF280EB726}.Release|Any CPU.ActiveCfg = Release|Any CPU
		{FE055E3A-4499-4397-86EF-75FF280EB726}.Release|Any CPU.Build.0 = Release|Any CPU
		{DE7A9376-D75C-41E0-8F0B-A27B87D899FC}.Debug|Any CPU.ActiveCfg = Debug|Any CPU
		{DE7A9376-D75C-41E0-8F0B-A27B87D899FC}.Debug|Any CPU.Build.0 = Debug|Any CPU
		{DE7A9376-D75C-41E0-8F0B-A27B87D899FC}.Release|Any CPU.ActiveCfg = Release|Any CPU
		{DE7A9376-D75C-41E0-8F0B-A27B87D899FC}.Release|Any CPU.Build.0 = Release|Any CPU
		{1C850ADE-A286-4A7E-8B01-DF90BDB6A956}.Debug|Any CPU.ActiveCfg = Debug|Any CPU
		{1C850ADE-A286-4A7E-8B01-DF90BDB6A956}.Debug|Any CPU.Build.0 = Debug|Any CPU
		{1C850ADE-A286-4A7E-8B01-DF90BDB6A956}.Release|Any CPU.ActiveCfg = Release|Any CPU
		{1C850ADE-A286-4A7E-8B01-DF90BDB6A956}.Release|Any CPU.Build.0 = Release|Any CPU
		{43C84475-030F-40E1-B5CA-D7E6A4100594}.Debug|Any CPU.ActiveCfg = Debug|Any CPU
		{43C84475-030F-40E1-B5CA-D7E6A4100594}.Debug|Any CPU.Build.0 = Debug|Any CPU
		{43C84475-030F-40E1-B5CA-D7E6A4100594}.Release|Any CPU.ActiveCfg = Release|Any CPU
		{43C84475-030F-40E1-B5CA-D7E6A4100594}.Release|Any CPU.Build.0 = Release|Any CPU
	EndGlobalSection
	GlobalSection(SolutionProperties) = preSolution
		HideSolutionNode = FALSE
	EndGlobalSection
	GlobalSection(ExtensibilityGlobals) = postSolution
		SolutionGuid = {DB33EE47-8B30-494B-9E3F-453B8EE03C74}
	EndGlobalSection
EndGlobal
